// !$*UTF8*$!
{
	archiveVersion = 1;
	classes = {
	};
	objectVersion = 46;
	objects = {

/* Begin PBXBuildFile section */
		BD2F757E143E86710009C491 /* UIKit.framework in Frameworks */ = {isa = PBXBuildFile; fileRef = BD2F757D143E86710009C491 /* UIKit.framework */; };
		BD2F7580143E86710009C491 /* Foundation.framework in Frameworks */ = {isa = PBXBuildFile; fileRef = BD2F757F143E86710009C491 /* Foundation.framework */; };
		BD2F7582143E86710009C491 /* CoreGraphics.framework in Frameworks */ = {isa = PBXBuildFile; fileRef = BD2F7581143E86710009C491 /* CoreGraphics.framework */; };
		BD5E5FFD143F4FB4007D1FCB /* Default@2x.png in Resources */ = {isa = PBXBuildFile; fileRef = BD5E5FFA143F4FB4007D1FCB /* Default@2x.png */; };
		BD5E5FFE143F4FB4007D1FCB /* Icon.png in Resources */ = {isa = PBXBuildFile; fileRef = BD5E5FFB143F4FB4007D1FCB /* Icon.png */; };
		BD5E5FFF143F4FB4007D1FCB /* Icon@2x.png in Resources */ = {isa = PBXBuildFile; fileRef = BD5E5FFC143F4FB4007D1FCB /* Icon@2x.png */; };
		BD7AE7C5143F4E0E00F12BC5 /* InfoPlist.strings in Resources */ = {isa = PBXBuildFile; fileRef = BD7AE7B8143F4E0E00F12BC5 /* InfoPlist.strings */; };
		BD7AE7C6143F4E0E00F12BC5 /* GameView.m in Sources */ = {isa = PBXBuildFile; fileRef = BD7AE7BB143F4E0E00F12BC5 /* GameView.m */; };
		BD7AE7C7143F4E0E00F12BC5 /* GameViewController.m in Sources */ = {isa = PBXBuildFile; fileRef = BD7AE7BD143F4E0E00F12BC5 /* GameViewController.m */; };
		BD7AE7C8143F4E0E00F12BC5 /* GVLivesView.m in Sources */ = {isa = PBXBuildFile; fileRef = BD7AE7BF143F4E0E00F12BC5 /* GVLivesView.m */; };
		BD7AE7C9143F4E0E00F12BC5 /* LICENSE in Resources */ = {isa = PBXBuildFile; fileRef = BD7AE7C0143F4E0E00F12BC5 /* LICENSE */; };
		BD7AE7CA143F4E0E00F12BC5 /* main.m in Sources */ = {isa = PBXBuildFile; fileRef = BD7AE7C1143F4E0E00F12BC5 /* main.m */; };
		BD7AE7CB143F4E0E00F12BC5 /* BreakerAppDelegate.m in Sources */ = {isa = PBXBuildFile; fileRef = BD7AE7C3143F4E0E00F12BC5 /* BreakerAppDelegate.m */; };
		BD837730144249E500C892F8 /* GVSprite.m in Sources */ = {isa = PBXBuildFile; fileRef = BD83772F144249E500C892F8 /* GVSprite.m */; };
		BD83773414424EBD00C892F8 /* GVBrick.m in Sources */ = {isa = PBXBuildFile; fileRef = BD83773314424EBD00C892F8 /* GVBrick.m */; };
		BD8377371442510000C892F8 /* GVBall.m in Sources */ = {isa = PBXBuildFile; fileRef = BD8377361442510000C892F8 /* GVBall.m */; };
		BD8FAB121447D338000F6DBC /* GameViewController+PlayerControls.m in Sources */ = {isa = PBXBuildFile; fileRef = BD8FAB111447D338000F6DBC /* GameViewController+PlayerControls.m */; };
		BD8FAB151447E9A1000F6DBC /* defaults.plist in Resources */ = {isa = PBXBuildFile; fileRef = BD8FAB141447E9A1000F6DBC /* defaults.plist */; };
		BD8FAB181447EACD000F6DBC /* NSUserDefaults+BreakerDefaults.m in Sources */ = {isa = PBXBuildFile; fileRef = BD8FAB171447EACD000F6DBC /* NSUserDefaults+BreakerDefaults.m */; };
		BD8FAB1A1447EBE8000F6DBC /* Settings.bundle in Resources */ = {isa = PBXBuildFile; fileRef = BD8FAB191447EBE8000F6DBC /* Settings.bundle */; };
		BD8FAB231447F24C000F6DBC /* InfoViewController.m in Sources */ = {isa = PBXBuildFile; fileRef = BD8FAB221447F24C000F6DBC /* InfoViewController.m */; };
		BD8FAB271447F267000F6DBC /* InfoView.m in Sources */ = {isa = PBXBuildFile; fileRef = BD8FAB261447F267000F6DBC /* InfoView.m */; };
		BD98F0481445289900C9AAA0 /* GVBrickView.m in Sources */ = {isa = PBXBuildFile; fileRef = BD98F0471445289900C9AAA0 /* GVBrickView.m */; };
		BD98F04D144528F400C9AAA0 /* GVScoreView.m in Sources */ = {isa = PBXBuildFile; fileRef = BD98F04C144528F400C9AAA0 /* GVScoreView.m */; };
		BDD80CFF14413766007F3E86 /* QuartzCore.framework in Frameworks */ = {isa = PBXBuildFile; fileRef = BDD80CFE14413766007F3E86 /* QuartzCore.framework */; };
		BDEFC2E8143F6589008E19B6 /* Default.png in Resources */ = {isa = PBXBuildFile; fileRef = BDEFC2E7143F6589008E19B6 /* Default.png */; };
/* End PBXBuildFile section */

/* Begin PBXFileReference section */
		BD2F7579143E86710009C491 /* Breaker.app */ = {isa = PBXFileReference; explicitFileType = wrapper.application; includeInIndex = 0; path = Breaker.app; sourceTree = BUILT_PRODUCTS_DIR; };
		BD2F757D143E86710009C491 /* UIKit.framework */ = {isa = PBXFileReference; lastKnownFileType = wrapper.framework; name = UIKit.framework; path = System/Library/Frameworks/UIKit.framework; sourceTree = SDKROOT; };
		BD2F757F143E86710009C491 /* Foundation.framework */ = {isa = PBXFileReference; lastKnownFileType = wrapper.framework; name = Foundation.framework; path = System/Library/Frameworks/Foundation.framework; sourceTree = SDKROOT; };
		BD2F7581143E86710009C491 /* CoreGraphics.framework */ = {isa = PBXFileReference; lastKnownFileType = wrapper.framework; name = CoreGraphics.framework; path = System/Library/Frameworks/CoreGraphics.framework; sourceTree = SDKROOT; };
		BD5E5FFA143F4FB4007D1FCB /* Default@2x.png */ = {isa = PBXFileReference; lastKnownFileType = image.png; path = "Default@2x.png"; sourceTree = SOURCE_ROOT; };
		BD5E5FFB143F4FB4007D1FCB /* Icon.png */ = {isa = PBXFileReference; lastKnownFileType = image.png; path = Icon.png; sourceTree = SOURCE_ROOT; };
		BD5E5FFC143F4FB4007D1FCB /* Icon@2x.png */ = {isa = PBXFileReference; lastKnownFileType = image.png; path = "Icon@2x.png"; sourceTree = SOURCE_ROOT; };
		BD7AE7B6143F4E0E00F12BC5 /* Breaker-Info.plist */ = {isa = PBXFileReference; fileEncoding = 4; lastKnownFileType = text.plist.xml; path = "Breaker-Info.plist"; sourceTree = "<group>"; };
		BD7AE7B7143F4E0E00F12BC5 /* Breaker-Prefix.pch */ = {isa = PBXFileReference; fileEncoding = 4; lastKnownFileType = sourcecode.c.h; path = "Breaker-Prefix.pch"; sourceTree = "<group>"; };
		BD7AE7B9143F4E0E00F12BC5 /* en */ = {isa = PBXFileReference; lastKnownFileType = text.plist.strings; name = en; path = en.lproj/InfoPlist.strings; sourceTree = "<group>"; };
		BD7AE7BA143F4E0E00F12BC5 /* GameView.h */ = {isa = PBXFileReference; fileEncoding = 4; lastKnownFileType = sourcecode.c.h; path = GameView.h; sourceTree = "<group>"; };
		BD7AE7BB143F4E0E00F12BC5 /* GameView.m */ = {isa = PBXFileReference; fileEncoding = 4; lastKnownFileType = sourcecode.c.objc; path = GameView.m; sourceTree = "<group>"; };
		BD7AE7BC143F4E0E00F12BC5 /* GameViewController.h */ = {isa = PBXFileReference; fileEncoding = 4; lastKnownFileType = sourcecode.c.h; path = GameViewController.h; sourceTree = "<group>"; };
		BD7AE7BD143F4E0E00F12BC5 /* GameViewController.m */ = {isa = PBXFileReference; fileEncoding = 4; lastKnownFileType = sourcecode.c.objc; path = GameViewController.m; sourceTree = "<group>"; };
		BD7AE7BE143F4E0E00F12BC5 /* GVLivesView.h */ = {isa = PBXFileReference; fileEncoding = 4; lastKnownFileType = sourcecode.c.h; path = GVLivesView.h; sourceTree = "<group>"; };
		BD7AE7BF143F4E0E00F12BC5 /* GVLivesView.m */ = {isa = PBXFileReference; fileEncoding = 4; lastKnownFileType = sourcecode.c.objc; path = GVLivesView.m; sourceTree = "<group>"; };
		BD7AE7C0143F4E0E00F12BC5 /* LICENSE */ = {isa = PBXFileReference; fileEncoding = 4; lastKnownFileType = text; path = LICENSE; sourceTree = "<group>"; };
		BD7AE7C1143F4E0E00F12BC5 /* main.m */ = {isa = PBXFileReference; fileEncoding = 4; lastKnownFileType = sourcecode.c.objc; path = main.m; sourceTree = "<group>"; };
		BD7AE7C2143F4E0E00F12BC5 /* BreakerAppDelegate.h */ = {isa = PBXFileReference; fileEncoding = 4; lastKnownFileType = sourcecode.c.h; path = BreakerAppDelegate.h; sourceTree = "<group>"; };
		BD7AE7C3143F4E0E00F12BC5 /* BreakerAppDelegate.m */ = {isa = PBXFileReference; fileEncoding = 4; lastKnownFileType = sourcecode.c.objc; path = BreakerAppDelegate.m; sourceTree = "<group>"; };
		BD83772E144249E500C892F8 /* GVSprite.h */ = {isa = PBXFileReference; fileEncoding = 4; lastKnownFileType = sourcecode.c.h; path = GVSprite.h; sourceTree = "<group>"; };
		BD83772F144249E500C892F8 /* GVSprite.m */ = {isa = PBXFileReference; fileEncoding = 4; lastKnownFileType = sourcecode.c.objc; path = GVSprite.m; sourceTree = "<group>"; };
		BD83773214424EBD00C892F8 /* GVBrick.h */ = {isa = PBXFileReference; fileEncoding = 4; lastKnownFileType = sourcecode.c.h; path = GVBrick.h; sourceTree = "<group>"; };
		BD83773314424EBD00C892F8 /* GVBrick.m */ = {isa = PBXFileReference; fileEncoding = 4; lastKnownFileType = sourcecode.c.objc; path = GVBrick.m; sourceTree = "<group>"; };
		BD8377351442510000C892F8 /* GVBall.h */ = {isa = PBXFileReference; fileEncoding = 4; lastKnownFileType = sourcecode.c.h; path = GVBall.h; sourceTree = "<group>"; };
		BD8377361442510000C892F8 /* GVBall.m */ = {isa = PBXFileReference; fileEncoding = 4; lastKnownFileType = sourcecode.c.objc; path = GVBall.m; sourceTree = "<group>"; };
		BD8FAB101447D338000F6DBC /* GameViewController+PlayerControls.h */ = {isa = PBXFileReference; fileEncoding = 4; lastKnownFileType = sourcecode.c.h; path = "GameViewController+PlayerControls.h"; sourceTree = "<group>"; };
		BD8FAB111447D338000F6DBC /* GameViewController+PlayerControls.m */ = {isa = PBXFileReference; fileEncoding = 4; lastKnownFileType = sourcecode.c.objc; path = "GameViewController+PlayerControls.m"; sourceTree = "<group>"; };
		BD8FAB141447E9A1000F6DBC /* defaults.plist */ = {isa = PBXFileReference; fileEncoding = 4; lastKnownFileType = text.plist.xml; path = defaults.plist; sourceTree = "<group>"; };
		BD8FAB161447EACD000F6DBC /* NSUserDefaults+BreakerDefaults.h */ = {isa = PBXFileReference; fileEncoding = 4; lastKnownFileType = sourcecode.c.h; path = "NSUserDefaults+BreakerDefaults.h"; sourceTree = "<group>"; };
		BD8FAB171447EACD000F6DBC /* NSUserDefaults+BreakerDefaults.m */ = {isa = PBXFileReference; fileEncoding = 4; lastKnownFileType = sourcecode.c.objc; path = "NSUserDefaults+BreakerDefaults.m"; sourceTree = "<group>"; };
		BD8FAB191447EBE8000F6DBC /* Settings.bundle */ = {isa = PBXFileReference; lastKnownFileType = "wrapper.plug-in"; path = Settings.bundle; sourceTree = "<group>"; };
		BD8FAB211447F24C000F6DBC /* InfoViewController.h */ = {isa = PBXFileReference; fileEncoding = 4; lastKnownFileType = sourcecode.c.h; path = InfoViewController.h; sourceTree = "<group>"; };
		BD8FAB221447F24C000F6DBC /* InfoViewController.m */ = {isa = PBXFileReference; fileEncoding = 4; lastKnownFileType = sourcecode.c.objc; path = InfoViewController.m; sourceTree = "<group>"; };
		BD8FAB251447F267000F6DBC /* InfoView.h */ = {isa = PBXFileReference; fileEncoding = 4; lastKnownFileType = sourcecode.c.h; path = InfoView.h; sourceTree = "<group>"; };
		BD8FAB261447F267000F6DBC /* InfoView.m */ = {isa = PBXFileReference; fileEncoding = 4; lastKnownFileType = sourcecode.c.objc; path = InfoView.m; sourceTree = "<group>"; };
		BD98F0461445289900C9AAA0 /* GVBrickView.h */ = {isa = PBXFileReference; fileEncoding = 4; lastKnownFileType = sourcecode.c.h; path = GVBrickView.h; sourceTree = "<group>"; };
		BD98F0471445289900C9AAA0 /* GVBrickView.m */ = {isa = PBXFileReference; fileEncoding = 4; lastKnownFileType = sourcecode.c.objc; path = GVBrickView.m; sourceTree = "<group>"; };
		BD98F04B144528F400C9AAA0 /* GVScoreView.h */ = {isa = PBXFileReference; fileEncoding = 4; lastKnownFileType = sourcecode.c.h; path = GVScoreView.h; sourceTree = "<group>"; };
		BD98F04C144528F400C9AAA0 /* GVScoreView.m */ = {isa = PBXFileReference; fileEncoding = 4; lastKnownFileType = sourcecode.c.objc; path = GVScoreView.m; sourceTree = "<group>"; };
		BDD80CFE14413766007F3E86 /* QuartzCore.framework */ = {isa = PBXFileReference; lastKnownFileType = wrapper.framework; name = QuartzCore.framework; path = System/Library/Frameworks/QuartzCore.framework; sourceTree = SDKROOT; };
		BDEFC2E7143F6589008E19B6 /* Default.png */ = {isa = PBXFileReference; lastKnownFileType = image.png; path = Default.png; sourceTree = SOURCE_ROOT; };
/* End PBXFileReference section */

/* Begin PBXFrameworksBuildPhase section */
		BD2F7576143E86710009C491 /* Frameworks */ = {
			isa = PBXFrameworksBuildPhase;
			buildActionMask = 2147483647;
			files = (
				BDD80CFF14413766007F3E86 /* QuartzCore.framework in Frameworks */,
				BD2F757E143E86710009C491 /* UIKit.framework in Frameworks */,
				BD2F7580143E86710009C491 /* Foundation.framework in Frameworks */,
				BD2F7582143E86710009C491 /* CoreGraphics.framework in Frameworks */,
			);
			runOnlyForDeploymentPostprocessing = 0;
		};
/* End PBXFrameworksBuildPhase section */

/* Begin PBXGroup section */
		BD2F756E143E86710009C491 = {
			isa = PBXGroup;
			children = (
				BD7AE7B5143F4E0E00F12BC5 /* Breaker */,
				BD2F757C143E86710009C491 /* Frameworks */,
				BD2F757A143E86710009C491 /* Products */,
			);
			sourceTree = "<group>";
		};
		BD2F757A143E86710009C491 /* Products */ = {
			isa = PBXGroup;
			children = (
				BD2F7579143E86710009C491 /* Breaker.app */,
			);
			name = Products;
			sourceTree = "<group>";
		};
		BD2F757C143E86710009C491 /* Frameworks */ = {
			isa = PBXGroup;
			children = (
				BDD80CFE14413766007F3E86 /* QuartzCore.framework */,
				BD2F757D143E86710009C491 /* UIKit.framework */,
				BD2F757F143E86710009C491 /* Foundation.framework */,
				BD2F7581143E86710009C491 /* CoreGraphics.framework */,
			);
			name = Frameworks;
			sourceTree = "<group>";
		};
		BD5E5FF6143F4F62007D1FCB /* Game View */ = {
			isa = PBXGroup;
			children = (
				BD8FAB0E1447D2F1000F6DBC /* View */,
				BD8FAB0F1447D30B000F6DBC /* Categories */,
				BD7AE7BC143F4E0E00F12BC5 /* GameViewController.h */,
				BD7AE7BD143F4E0E00F12BC5 /* GameViewController.m */,
			);
			name = "Game View";
			sourceTree = "<group>";
		};
		BD5E5FF7143F4F75007D1FCB /* Subviews */ = {
			isa = PBXGroup;
			children = (
				BD7AE7BE143F4E0E00F12BC5 /* GVLivesView.h */,
				BD7AE7BF143F4E0E00F12BC5 /* GVLivesView.m */,
				BD98F0461445289900C9AAA0 /* GVBrickView.h */,
				BD98F0471445289900C9AAA0 /* GVBrickView.m */,
				BD98F04B144528F400C9AAA0 /* GVScoreView.h */,
				BD98F04C144528F400C9AAA0 /* GVScoreView.m */,
			);
			name = Subviews;
			sourceTree = "<group>";
		};
		BD5E5FF8143F4F84007D1FCB /* Supporting Files */ = {
			isa = PBXGroup;
			children = (
				BD5E5FF9143F4FA4007D1FCB /* Assets */,
				BD7AE7B6143F4E0E00F12BC5 /* Breaker-Info.plist */,
				BD7AE7B7143F4E0E00F12BC5 /* Breaker-Prefix.pch */,
				BD7AE7B8143F4E0E00F12BC5 /* InfoPlist.strings */,
				BD7AE7C0143F4E0E00F12BC5 /* LICENSE */,
				BD7AE7C1143F4E0E00F12BC5 /* main.m */,
			);
			name = "Supporting Files";
			sourceTree = "<group>";
		};
		BD5E5FF9143F4FA4007D1FCB /* Assets */ = {
			isa = PBXGroup;
			children = (
				BDEFC2E7143F6589008E19B6 /* Default.png */,
				BD5E5FFA143F4FB4007D1FCB /* Default@2x.png */,
				BD5E5FFB143F4FB4007D1FCB /* Icon.png */,
				BD5E5FFC143F4FB4007D1FCB /* Icon@2x.png */,
			);
			name = Assets;
			sourceTree = "<group>";
		};
		BD7AE7B5143F4E0E00F12BC5 /* Breaker */ = {
			isa = PBXGroup;
			children = (
				BD8FAB201447F223000F6DBC /* Info View */,
				BD8FAB131447E984000F6DBC /* User Defaults */,
				BD5E5FF8143F4F84007D1FCB /* Supporting Files */,
				BD5E5FF6143F4F62007D1FCB /* Game View */,
				BD7AE7C2143F4E0E00F12BC5 /* BreakerAppDelegate.h */,
				BD7AE7C3143F4E0E00F12BC5 /* BreakerAppDelegate.m */,
			);
			path = Breaker;
			sourceTree = "<group>";
		};
		BD8FAB0E1447D2F1000F6DBC /* View */ = {
			isa = PBXGroup;
			children = (
				BD98F04A144528CC00C9AAA0 /* Sprites */,
				BD5E5FF7143F4F75007D1FCB /* Subviews */,
				BD7AE7BA143F4E0E00F12BC5 /* GameView.h */,
				BD7AE7BB143F4E0E00F12BC5 /* GameView.m */,
			);
			name = View;
			sourceTree = "<group>";
		};
		BD8FAB0F1447D30B000F6DBC /* Categories */ = {
			isa = PBXGroup;
			children = (
				BD8FAB101447D338000F6DBC /* GameViewController+PlayerControls.h */,
				BD8FAB111447D338000F6DBC /* GameViewController+PlayerControls.m */,
			);
			name = Categories;
			sourceTree = "<group>";
		};
		BD8FAB131447E984000F6DBC /* User Defaults */ = {
			isa = PBXGroup;
			children = (
				BD8FAB1F1447F209000F6DBC /* Settings */,
				BD8FAB141447E9A1000F6DBC /* defaults.plist */,
				BD8FAB161447EACD000F6DBC /* NSUserDefaults+BreakerDefaults.h */,
				BD8FAB171447EACD000F6DBC /* NSUserDefaults+BreakerDefaults.m */,
			);
			name = "User Defaults";
			sourceTree = "<group>";
		};
		BD8FAB1F1447F209000F6DBC /* Settings */ = {
			isa = PBXGroup;
			children = (
				BD8FAB191447EBE8000F6DBC /* Settings.bundle */,
			);
			name = Settings;
			sourceTree = "<group>";
		};
		BD8FAB201447F223000F6DBC /* Info View */ = {
			isa = PBXGroup;
			children = (
				BD8FAB241447F24F000F6DBC /* View */,
				BD8FAB211447F24C000F6DBC /* InfoViewController.h */,
				BD8FAB221447F24C000F6DBC /* InfoViewController.m */,
			);
			name = "Info View";
			sourceTree = "<group>";
		};
		BD8FAB241447F24F000F6DBC /* View */ = {
			isa = PBXGroup;
			children = (
				BD8FAB251447F267000F6DBC /* InfoView.h */,
				BD8FAB261447F267000F6DBC /* InfoView.m */,
			);
			name = View;
			sourceTree = "<group>";
		};
		BD98F04A144528CC00C9AAA0 /* Sprites */ = {
			isa = PBXGroup;
			children = (
				BD83772E144249E500C892F8 /* GVSprite.h */,
				BD83772F144249E500C892F8 /* GVSprite.m */,
				BD83773214424EBD00C892F8 /* GVBrick.h */,
				BD83773314424EBD00C892F8 /* GVBrick.m */,
				BD8377351442510000C892F8 /* GVBall.h */,
				BD8377361442510000C892F8 /* GVBall.m */,
			);
			name = Sprites;
			sourceTree = "<group>";
		};
/* End PBXGroup section */

/* Begin PBXNativeTarget section */
		BD2F7578143E86710009C491 /* Breaker */ = {
			isa = PBXNativeTarget;
			buildConfigurationList = BD2F7594143E86710009C491 /* Build configuration list for PBXNativeTarget "Breaker" */;
			buildPhases = (
				BD2F7575143E86710009C491 /* Sources */,
				BD2F7576143E86710009C491 /* Frameworks */,
				BD2F7577143E86710009C491 /* Resources */,
			);
			buildRules = (
			);
			dependencies = (
			);
			name = Breaker;
			productName = Pong;
			productReference = BD2F7579143E86710009C491 /* Breaker.app */;
			productType = "com.apple.product-type.application";
		};
/* End PBXNativeTarget section */

/* Begin PBXProject section */
		BD2F7570143E86710009C491 /* Project object */ = {
			isa = PBXProject;
			attributes = {
				LastUpgradeCheck = 0420;
			};
			buildConfigurationList = BD2F7573143E86710009C491 /* Build configuration list for PBXProject "Breaker" */;
			compatibilityVersion = "Xcode 3.2";
			developmentRegion = English;
			hasScannedForEncodings = 0;
			knownRegions = (
				en,
			);
			mainGroup = BD2F756E143E86710009C491;
			productRefGroup = BD2F757A143E86710009C491 /* Products */;
			projectDirPath = "";
			projectRoot = "";
			targets = (
				BD2F7578143E86710009C491 /* Breaker */,
			);
		};
/* End PBXProject section */

/* Begin PBXResourcesBuildPhase section */
		BD2F7577143E86710009C491 /* Resources */ = {
			isa = PBXResourcesBuildPhase;
			buildActionMask = 2147483647;
			files = (
				BD7AE7C5143F4E0E00F12BC5 /* InfoPlist.strings in Resources */,
				BD7AE7C9143F4E0E00F12BC5 /* LICENSE in Resources */,
				BD5E5FFD143F4FB4007D1FCB /* Default@2x.png in Resources */,
				BD5E5FFE143F4FB4007D1FCB /* Icon.png in Resources */,
				BD5E5FFF143F4FB4007D1FCB /* Icon@2x.png in Resources */,
				BDEFC2E8143F6589008E19B6 /* Default.png in Resources */,
				BD8FAB151447E9A1000F6DBC /* defaults.plist in Resources */,
				BD8FAB1A1447EBE8000F6DBC /* Settings.bundle in Resources */,
			);
			runOnlyForDeploymentPostprocessing = 0;
		};
/* End PBXResourcesBuildPhase section */

/* Begin PBXSourcesBuildPhase section */
		BD2F7575143E86710009C491 /* Sources */ = {
			isa = PBXSourcesBuildPhase;
			buildActionMask = 2147483647;
			files = (
				BD7AE7C6143F4E0E00F12BC5 /* GameView.m in Sources */,
				BD7AE7C7143F4E0E00F12BC5 /* GameViewController.m in Sources */,
				BD7AE7C8143F4E0E00F12BC5 /* GVLivesView.m in Sources */,
				BD7AE7CA143F4E0E00F12BC5 /* main.m in Sources */,
				BD7AE7CB143F4E0E00F12BC5 /* BreakerAppDelegate.m in Sources */,
				BD837730144249E500C892F8 /* GVSprite.m in Sources */,
				BD83773414424EBD00C892F8 /* GVBrick.m in Sources */,
				BD8377371442510000C892F8 /* GVBall.m in Sources */,
				BD98F0481445289900C9AAA0 /* GVBrickView.m in Sources */,
				BD98F04D144528F400C9AAA0 /* GVScoreView.m in Sources */,
				BD8FAB121447D338000F6DBC /* GameViewController+PlayerControls.m in Sources */,
				BD8FAB181447EACD000F6DBC /* NSUserDefaults+BreakerDefaults.m in Sources */,
				BD8FAB231447F24C000F6DBC /* InfoViewController.m in Sources */,
				BD8FAB271447F267000F6DBC /* InfoView.m in Sources */,
			);
			runOnlyForDeploymentPostprocessing = 0;
		};
/* End PBXSourcesBuildPhase section */

/* Begin PBXVariantGroup section */
		BD7AE7B8143F4E0E00F12BC5 /* InfoPlist.strings */ = {
			isa = PBXVariantGroup;
			children = (
				BD7AE7B9143F4E0E00F12BC5 /* en */,
			);
			name = InfoPlist.strings;
			sourceTree = "<group>";
		};
/* End PBXVariantGroup section */

/* Begin XCBuildConfiguration section */
		BD2F7592143E86710009C491 /* Debug */ = {
			isa = XCBuildConfiguration;
			buildSettings = {
				ALWAYS_SEARCH_USER_PATHS = NO;
				ARCHS = "$(ARCHS_STANDARD_32_BIT)";
				"CODE_SIGN_IDENTITY[sdk=iphoneos*]" = "iPhone Developer";
				COPY_PHASE_STRIP = NO;
				GCC_C_LANGUAGE_STANDARD = gnu99;
				GCC_DYNAMIC_NO_PIC = NO;
				GCC_OPTIMIZATION_LEVEL = 0;
				GCC_PREPROCESSOR_DEFINITIONS = (
					"DEBUG=1",
					"$(inherited)",
				);
				GCC_SYMBOLS_PRIVATE_EXTERN = NO;
				GCC_VERSION = com.apple.compilers.llvmgcc42;
				GCC_WARN_ABOUT_MISSING_PROTOTYPES = YES;
				GCC_WARN_ABOUT_RETURN_TYPE = YES;
				GCC_WARN_UNUSED_VARIABLE = YES;
				IPHONEOS_DEPLOYMENT_TARGET = 4.3;
				SDKROOT = iphoneos;
			};
			name = Debug;
		};
		BD2F7593143E86710009C491 /* Release */ = {
			isa = XCBuildConfiguration;
			buildSettings = {
				ALWAYS_SEARCH_USER_PATHS = NO;
				ARCHS = "$(ARCHS_STANDARD_32_BIT)";
				"CODE_SIGN_IDENTITY[sdk=iphoneos*]" = "iPhone Developer";
				COPY_PHASE_STRIP = YES;
				GCC_C_LANGUAGE_STANDARD = gnu99;
				GCC_VERSION = com.apple.compilers.llvmgcc42;
				GCC_WARN_ABOUT_MISSING_PROTOTYPES = YES;
				GCC_WARN_ABOUT_RETURN_TYPE = YES;
				GCC_WARN_UNUSED_VARIABLE = YES;
				IPHONEOS_DEPLOYMENT_TARGET = 4.3;
				OTHER_CFLAGS = "-DNS_BLOCK_ASSERTIONS=1";
				SDKROOT = iphoneos;
				VALIDATE_PRODUCT = YES;
			};
			name = Release;
		};
		BD2F7595143E86710009C491 /* Debug */ = {
			isa = XCBuildConfiguration;
			buildSettings = {
				GCC_PRECOMPILE_PREFIX_HEADER = YES;
				GCC_PREFIX_HEADER = "Breaker/Breaker-Prefix.pch";
				GCC_VERSION = com.apple.compilers.llvm.clang.1_0;
				INFOPLIST_FILE = "Breaker/Breaker-Info.plist";
				IPHONEOS_DEPLOYMENT_TARGET = 4.2;
				PRODUCT_NAME = Breaker;
				WRAPPER_EXTENSION = app;
			};
			name = Debug;
		};
		BD2F7596143E86710009C491 /* Release */ = {
			isa = XCBuildConfiguration;
			buildSettings = {
				GCC_PRECOMPILE_PREFIX_HEADER = YES;
				GCC_PREFIX_HEADER = "Breaker/Breaker-Prefix.pch";
				GCC_VERSION = com.apple.compilers.llvm.clang.1_0;
				INFOPLIST_FILE = "Breaker/Breaker-Info.plist";
				IPHONEOS_DEPLOYMENT_TARGET = 4.2;
				PRODUCT_NAME = Breaker;
				WRAPPER_EXTENSION = app;
			};
			name = Release;
		};
/* End XCBuildConfiguration section */

/* Begin XCConfigurationList section */
		BD2F7573143E86710009C491 /* Build configuration list for PBXProject "Breaker" */ = {
			isa = XCConfigurationList;
			buildConfigurations = (
				BD2F7592143E86710009C491 /* Debug */,
				BD2F7593143E86710009C491 /* Release */,
			);
			defaultConfigurationIsVisible = 0;
			defaultConfigurationName = Release;
		};
		BD2F7594143E86710009C491 /* Build configuration list for PBXNativeTarget "Breaker" */ = {
			isa = XCConfigurationList;
			buildConfigurations = (
				BD2F7595143E86710009C491 /* Debug */,
				BD2F7596143E86710009C491 /* Release */,
			);
			defaultConfigurationIsVisible = 0;
			defaultConfigurationName = Release;
		};
/* End XCConfigurationList section */
	};
	rootObject = BD2F7570143E86710009C491 /* Project object */;
}
