// !$*UTF8*$!
{
	archiveVersion = 1;
	classes = {
	};
	objectVersion = 46;
	objects = {

/* Begin PBXBuildFile section */
		BD145F6B143EB7E400F9111A /* GVLivesView.m in Sources */ = {isa = PBXBuildFile; fileRef = BD145F6A143EB7E400F9111A /* GVLivesView.m */; };
		BD145F6D143ED90800F9111A /* Default@2x.png in Resources */ = {isa = PBXBuildFile; fileRef = BD145F6C143ED90800F9111A /* Default@2x.png */; };
		BD145F70143EDA7B00F9111A /* Icon.png in Resources */ = {isa = PBXBuildFile; fileRef = BD145F6E143EDA7B00F9111A /* Icon.png */; };
		BD145F71143EDA7B00F9111A /* Icon@2x.png in Resources */ = {isa = PBXBuildFile; fileRef = BD145F6F143EDA7B00F9111A /* Icon@2x.png */; };
		BD2F757E143E86710009C491 /* UIKit.framework in Frameworks */ = {isa = PBXBuildFile; fileRef = BD2F757D143E86710009C491 /* UIKit.framework */; };
		BD2F7580143E86710009C491 /* Foundation.framework in Frameworks */ = {isa = PBXBuildFile; fileRef = BD2F757F143E86710009C491 /* Foundation.framework */; };
		BD2F7582143E86710009C491 /* CoreGraphics.framework in Frameworks */ = {isa = PBXBuildFile; fileRef = BD2F7581143E86710009C491 /* CoreGraphics.framework */; };
		BD2F7588143E86710009C491 /* InfoPlist.strings in Resources */ = {isa = PBXBuildFile; fileRef = BD2F7586143E86710009C491 /* InfoPlist.strings */; };
		BD2F758A143E86710009C491 /* main.m in Sources */ = {isa = PBXBuildFile; fileRef = BD2F7589143E86710009C491 /* main.m */; };
		BD2F758E143E86710009C491 /* PongAppDelegate.m in Sources */ = {isa = PBXBuildFile; fileRef = BD2F758D143E86710009C491 /* PongAppDelegate.m */; };
		BD2F7599143E868E0009C491 /* GameViewController.m in Sources */ = {isa = PBXBuildFile; fileRef = BD2F7598143E868E0009C491 /* GameViewController.m */; };
		BD2F759E143E87560009C491 /* GameView.m in Sources */ = {isa = PBXBuildFile; fileRef = BD2F759D143E87560009C491 /* GameView.m */; };
		BDB37943143F476B00E28C90 /* LICENSE in Resources */ = {isa = PBXBuildFile; fileRef = BDB37942143F476B00E28C90 /* LICENSE */; };
/* End PBXBuildFile section */

/* Begin PBXFileReference section */
		BD145F69143EB7E400F9111A /* GVLivesView.h */ = {isa = PBXFileReference; fileEncoding = 4; lastKnownFileType = sourcecode.c.h; path = GVLivesView.h; sourceTree = "<group>"; };
		BD145F6A143EB7E400F9111A /* GVLivesView.m */ = {isa = PBXFileReference; fileEncoding = 4; lastKnownFileType = sourcecode.c.objc; path = GVLivesView.m; sourceTree = "<group>"; };
		BD145F6C143ED90800F9111A /* Default@2x.png */ = {isa = PBXFileReference; lastKnownFileType = image.png; name = "Default@2x.png"; path = "../Default@2x.png"; sourceTree = "<group>"; };
		BD145F6E143EDA7B00F9111A /* Icon.png */ = {isa = PBXFileReference; lastKnownFileType = image.png; path = Icon.png; sourceTree = SOURCE_ROOT; };
		BD145F6F143EDA7B00F9111A /* Icon@2x.png */ = {isa = PBXFileReference; lastKnownFileType = image.png; path = "Icon@2x.png"; sourceTree = SOURCE_ROOT; };
		BD2F7579143E86710009C491 /* Pong.app */ = {isa = PBXFileReference; explicitFileType = wrapper.application; includeInIndex = 0; path = Pong.app; sourceTree = BUILT_PRODUCTS_DIR; };
		BD2F757D143E86710009C491 /* UIKit.framework */ = {isa = PBXFileReference; lastKnownFileType = wrapper.framework; name = UIKit.framework; path = System/Library/Frameworks/UIKit.framework; sourceTree = SDKROOT; };
		BD2F757F143E86710009C491 /* Foundation.framework */ = {isa = PBXFileReference; lastKnownFileType = wrapper.framework; name = Foundation.framework; path = System/Library/Frameworks/Foundation.framework; sourceTree = SDKROOT; };
		BD2F7581143E86710009C491 /* CoreGraphics.framework */ = {isa = PBXFileReference; lastKnownFileType = wrapper.framework; name = CoreGraphics.framework; path = System/Library/Frameworks/CoreGraphics.framework; sourceTree = SDKROOT; };
		BD2F7585143E86710009C491 /* Pong-Info.plist */ = {isa = PBXFileReference; lastKnownFileType = text.plist.xml; path = "Pong-Info.plist"; sourceTree = "<group>"; };
		BD2F7587143E86710009C491 /* en */ = {isa = PBXFileReference; lastKnownFileType = text.plist.strings; name = en; path = en.lproj/InfoPlist.strings; sourceTree = "<group>"; };
		BD2F7589143E86710009C491 /* main.m */ = {isa = PBXFileReference; lastKnownFileType = sourcecode.c.objc; path = main.m; sourceTree = "<group>"; };
		BD2F758B143E86710009C491 /* Pong-Prefix.pch */ = {isa = PBXFileReference; lastKnownFileType = sourcecode.c.h; path = "Pong-Prefix.pch"; sourceTree = "<group>"; };
		BD2F758C143E86710009C491 /* PongAppDelegate.h */ = {isa = PBXFileReference; lastKnownFileType = sourcecode.c.h; path = PongAppDelegate.h; sourceTree = "<group>"; };
		BD2F758D143E86710009C491 /* PongAppDelegate.m */ = {isa = PBXFileReference; lastKnownFileType = sourcecode.c.objc; path = PongAppDelegate.m; sourceTree = "<group>"; };
		BD2F7597143E868E0009C491 /* GameViewController.h */ = {isa = PBXFileReference; fileEncoding = 4; lastKnownFileType = sourcecode.c.h; path = GameViewController.h; sourceTree = "<group>"; };
		BD2F7598143E868E0009C491 /* GameViewController.m */ = {isa = PBXFileReference; fileEncoding = 4; lastKnownFileType = sourcecode.c.objc; path = GameViewController.m; sourceTree = "<group>"; };
		BD2F759C143E87560009C491 /* GameView.h */ = {isa = PBXFileReference; fileEncoding = 4; lastKnownFileType = sourcecode.c.h; path = GameView.h; sourceTree = "<group>"; };
		BD2F759D143E87560009C491 /* GameView.m */ = {isa = PBXFileReference; fileEncoding = 4; lastKnownFileType = sourcecode.c.objc; path = GameView.m; sourceTree = "<group>"; };
		BDB37942143F476B00E28C90 /* LICENSE */ = {isa = PBXFileReference; fileEncoding = 4; lastKnownFileType = text; path = LICENSE; sourceTree = "<group>"; };
/* End PBXFileReference section */

/* Begin PBXFrameworksBuildPhase section */
		BD2F7576143E86710009C491 /* Frameworks */ = {
			isa = PBXFrameworksBuildPhase;
			buildActionMask = 2147483647;
			files = (
				BD2F757E143E86710009C491 /* UIKit.framework in Frameworks */,
				BD2F7580143E86710009C491 /* Foundation.framework in Frameworks */,
				BD2F7582143E86710009C491 /* CoreGraphics.framework in Frameworks */,
			);
			runOnlyForDeploymentPostprocessing = 0;
		};
/* End PBXFrameworksBuildPhase section */

/* Begin PBXGroup section */
		BD145F66143EB71100F9111A /* Subviews */ = {
			isa = PBXGroup;
			children = (
				BD145F69143EB7E400F9111A /* GVLivesView.h */,
				BD145F6A143EB7E400F9111A /* GVLivesView.m */,
			);
			name = Subviews;
			sourceTree = "<group>";
		};
		BD2F756E143E86710009C491 = {
			isa = PBXGroup;
			children = (
				BD2F7583143E86710009C491 /* Pong */,
				BD2F757C143E86710009C491 /* Frameworks */,
				BD2F757A143E86710009C491 /* Products */,
			);
			sourceTree = "<group>";
		};
		BD2F757A143E86710009C491 /* Products */ = {
			isa = PBXGroup;
			children = (
				BD2F7579143E86710009C491 /* Pong.app */,
			);
			name = Products;
			sourceTree = "<group>";
		};
		BD2F757C143E86710009C491 /* Frameworks */ = {
			isa = PBXGroup;
			children = (
				BD2F757D143E86710009C491 /* UIKit.framework */,
				BD2F757F143E86710009C491 /* Foundation.framework */,
				BD2F7581143E86710009C491 /* CoreGraphics.framework */,
			);
			name = Frameworks;
			sourceTree = "<group>";
		};
		BD2F7583143E86710009C491 /* Pong */ = {
			isa = PBXGroup;
			children = (
				BD2F759B143E87130009C491 /* Game View */,
				BD2F759A143E869F0009C491 /* App Delegate */,
				BD2F7584143E86710009C491 /* Supporting Files */,
			);
			path = Pong;
			sourceTree = "<group>";
		};
		BD2F7584143E86710009C491 /* Supporting Files */ = {
			isa = PBXGroup;
			children = (
				BD145F6E143EDA7B00F9111A /* Icon.png */,
				BD145F6F143EDA7B00F9111A /* Icon@2x.png */,
				BD145F6C143ED90800F9111A /* Default@2x.png */,
				BD2F7585143E86710009C491 /* Pong-Info.plist */,
				BD2F7586143E86710009C491 /* InfoPlist.strings */,
				BD2F7589143E86710009C491 /* main.m */,
				BD2F758B143E86710009C491 /* Pong-Prefix.pch */,
				BDB37942143F476B00E28C90 /* LICENSE */,
			);
			name = "Supporting Files";
			sourceTree = "<group>";
		};
		BD2F759A143E869F0009C491 /* App Delegate */ = {
			isa = PBXGroup;
			children = (
				BD2F758C143E86710009C491 /* PongAppDelegate.h */,
				BD2F758D143E86710009C491 /* PongAppDelegate.m */,
			);
			name = "App Delegate";
			sourceTree = "<group>";
		};
		BD2F759B143E87130009C491 /* Game View */ = {
			isa = PBXGroup;
			children = (
				BD145F66143EB71100F9111A /* Subviews */,
				BD2F7597143E868E0009C491 /* GameViewController.h */,
				BD2F7598143E868E0009C491 /* GameViewController.m */,
				BD2F759C143E87560009C491 /* GameView.h */,
				BD2F759D143E87560009C491 /* GameView.m */,
			);
			name = "Game View";
			sourceTree = "<group>";
		};
/* End PBXGroup section */

/* Begin PBXNativeTarget section */
		BD2F7578143E86710009C491 /* Pong */ = {
			isa = PBXNativeTarget;
			buildConfigurationList = BD2F7594143E86710009C491 /* Build configuration list for PBXNativeTarget "Pong" */;
			buildPhases = (
				BD2F7575143E86710009C491 /* Sources */,
				BD2F7576143E86710009C491 /* Frameworks */,
				BD2F7577143E86710009C491 /* Resources */,
			);
			buildRules = (
			);
			dependencies = (
			);
			name = Pong;
			productName = Pong;
			productReference = BD2F7579143E86710009C491 /* Pong.app */;
			productType = "com.apple.product-type.application";
		};
/* End PBXNativeTarget section */

/* Begin PBXProject section */
		BD2F7570143E86710009C491 /* Project object */ = {
			isa = PBXProject;
			buildConfigurationList = BD2F7573143E86710009C491 /* Build configuration list for PBXProject "Pong" */;
			compatibilityVersion = "Xcode 3.2";
			developmentRegion = English;
			hasScannedForEncodings = 0;
			knownRegions = (
				en,
			);
			mainGroup = BD2F756E143E86710009C491;
			productRefGroup = BD2F757A143E86710009C491 /* Products */;
			projectDirPath = "";
			projectRoot = "";
			targets = (
				BD2F7578143E86710009C491 /* Pong */,
			);
		};
/* End PBXProject section */

/* Begin PBXResourcesBuildPhase section */
		BD2F7577143E86710009C491 /* Resources */ = {
			isa = PBXResourcesBuildPhase;
			buildActionMask = 2147483647;
			files = (
				BD2F7588143E86710009C491 /* InfoPlist.strings in Resources */,
				BD145F6D143ED90800F9111A /* Default@2x.png in Resources */,
				BD145F70143EDA7B00F9111A /* Icon.png in Resources */,
				BD145F71143EDA7B00F9111A /* Icon@2x.png in Resources */,
				BDB37943143F476B00E28C90 /* LICENSE in Resources */,
			);
			runOnlyForDeploymentPostprocessing = 0;
		};
/* End PBXResourcesBuildPhase section */

/* Begin PBXSourcesBuildPhase section */
		BD2F7575143E86710009C491 /* Sources */ = {
			isa = PBXSourcesBuildPhase;
			buildActionMask = 2147483647;
			files = (
				BD2F758A143E86710009C491 /* main.m in Sources */,
				BD2F758E143E86710009C491 /* PongAppDelegate.m in Sources */,
				BD2F7599143E868E0009C491 /* GameViewController.m in Sources */,
				BD2F759E143E87560009C491 /* GameView.m in Sources */,
				BD145F6B143EB7E400F9111A /* GVLivesView.m in Sources */,
			);
			runOnlyForDeploymentPostprocessing = 0;
		};
/* End PBXSourcesBuildPhase section */

/* Begin PBXVariantGroup section */
		BD2F7586143E86710009C491 /* InfoPlist.strings */ = {
			isa = PBXVariantGroup;
			children = (
				BD2F7587143E86710009C491 /* en */,
			);
			name = InfoPlist.strings;
			sourceTree = "<group>";
		};
/* End PBXVariantGroup section */

/* Begin XCBuildConfiguration section */
		BD2F7592143E86710009C491 /* Debug */ = {
			isa = XCBuildConfiguration;
			buildSettings = {
				ALWAYS_SEARCH_USER_PATHS = NO;
				ARCHS = "$(ARCHS_STANDARD_32_BIT)";
				"CODE_SIGN_IDENTITY[sdk=iphoneos*]" = "iPhone Developer";
				COPY_PHASE_STRIP = NO;
				GCC_C_LANGUAGE_STANDARD = gnu99;
				GCC_DYNAMIC_NO_PIC = NO;
				GCC_OPTIMIZATION_LEVEL = 0;
				GCC_PREPROCESSOR_DEFINITIONS = (
					"DEBUG=1",
					"$(inherited)",
				);
				GCC_SYMBOLS_PRIVATE_EXTERN = NO;
				GCC_VERSION = com.apple.compilers.llvmgcc42;
				GCC_WARN_ABOUT_MISSING_PROTOTYPES = YES;
				GCC_WARN_ABOUT_RETURN_TYPE = YES;
				GCC_WARN_UNUSED_VARIABLE = YES;
				IPHONEOS_DEPLOYMENT_TARGET = 4.3;
				SDKROOT = iphoneos;
			};
			name = Debug;
		};
		BD2F7593143E86710009C491 /* Release */ = {
			isa = XCBuildConfiguration;
			buildSettings = {
				ALWAYS_SEARCH_USER_PATHS = NO;
				ARCHS = "$(ARCHS_STANDARD_32_BIT)";
				"CODE_SIGN_IDENTITY[sdk=iphoneos*]" = "iPhone Developer";
				COPY_PHASE_STRIP = YES;
				GCC_C_LANGUAGE_STANDARD = gnu99;
				GCC_VERSION = com.apple.compilers.llvmgcc42;
				GCC_WARN_ABOUT_MISSING_PROTOTYPES = YES;
				GCC_WARN_ABOUT_RETURN_TYPE = YES;
				GCC_WARN_UNUSED_VARIABLE = YES;
				IPHONEOS_DEPLOYMENT_TARGET = 4.3;
				OTHER_CFLAGS = "-DNS_BLOCK_ASSERTIONS=1";
				SDKROOT = iphoneos;
				VALIDATE_PRODUCT = YES;
			};
			name = Release;
		};
		BD2F7595143E86710009C491 /* Debug */ = {
			isa = XCBuildConfiguration;
			buildSettings = {
				GCC_PRECOMPILE_PREFIX_HEADER = YES;
				GCC_PREFIX_HEADER = "Pong/Pong-Prefix.pch";
				INFOPLIST_FILE = "Pong/Pong-Info.plist";
				IPHONEOS_DEPLOYMENT_TARGET = 4.2;
				PRODUCT_NAME = "$(TARGET_NAME)";
				WRAPPER_EXTENSION = app;
			};
			name = Debug;
		};
		BD2F7596143E86710009C491 /* Release */ = {
			isa = XCBuildConfiguration;
			buildSettings = {
				GCC_PRECOMPILE_PREFIX_HEADER = YES;
				GCC_PREFIX_HEADER = "Pong/Pong-Prefix.pch";
				INFOPLIST_FILE = "Pong/Pong-Info.plist";
				IPHONEOS_DEPLOYMENT_TARGET = 4.2;
				PRODUCT_NAME = "$(TARGET_NAME)";
				WRAPPER_EXTENSION = app;
			};
			name = Release;
		};
/* End XCBuildConfiguration section */

/* Begin XCConfigurationList section */
		BD2F7573143E86710009C491 /* Build configuration list for PBXProject "Pong" */ = {
			isa = XCConfigurationList;
			buildConfigurations = (
				BD2F7592143E86710009C491 /* Debug */,
				BD2F7593143E86710009C491 /* Release */,
			);
			defaultConfigurationIsVisible = 0;
			defaultConfigurationName = Release;
		};
		BD2F7594143E86710009C491 /* Build configuration list for PBXNativeTarget "Pong" */ = {
			isa = XCConfigurationList;
			buildConfigurations = (
				BD2F7595143E86710009C491 /* Debug */,
				BD2F7596143E86710009C491 /* Release */,
			);
			defaultConfigurationIsVisible = 0;
			defaultConfigurationName = Release;
		};
/* End XCConfigurationList section */
	};
	rootObject = BD2F7570143E86710009C491 /* Project object */;
}
